{
  "name": "my-project",
  "version": "0.1.0",
  "lockfileVersion": 1,
  "requires": true,
  "dependencies": {
    "@alifd/next": {
      "version": "1.13.3",
      "resolved": "https://registry.npmjs.org/@alifd/next/-/next-1.13.3.tgz",
      "integrity": "sha512-LxagTSBOjrmLdxu6dYgou36Z1mVuV6pmhANixlktNK8nBPbwltuC1FqbgBoaxNoHgxJYTTMlN0485nZg6tKGew==",
      "requires": {
        "babel-runtime": "6.26.0",
        "classnames": "2.2.6",
        "hoist-non-react-statics": "2.5.5",
        "prop-types": "15.7.2",
        "react-transition-group": "2.6.0",
        "shallow-element-equals": "1.0.1"
      }
    },
    "@babel/runtime": {
      "version": "7.3.4",
      "resolved": "https://registry.npmjs.org/@babel/runtime/-/runtime-7.3.4.tgz",
      "integrity": "sha512-IvfvnMdSaLBateu0jfsYIpZTxAc2cKEXEMiezGGN75QcBcecDUKd3PgLAncT0oOgxKy8dd8hrJKj9MfzgfZd6g==",
      "requires": {
        "regenerator-runtime": "0.12.1"
      },
      "dependencies": {
        "regenerator-runtime": {
          "version": "0.12.1",
          "resolved": "https://registry.npmjs.org/regenerator-runtime/-/regenerator-runtime-0.12.1.tgz",
          "integrity": "sha512-odxIc1/vDlo4iZcfXqRYFj0vpXFNoGdKMAUieAlFYO6m/nl5e9KR/beGf41z4a1FI+aQgtjhuaSlDxQ0hmkrHg=="
        }
      }
    },
    "@icedesign/img": {
      "version": "1.0.0",
      "resolved": "https://registry.npmjs.org/@icedesign/img/-/img-1.0.0.tgz",
      "integrity": "sha512-WFfITuH8v6k+CK6tyHf46bCONffJ8N9YhslfzIuSaWyOJGPs5nB9mKcs3EZkomWMr0nMG1b1LZxfsPXpjUhKeA==",
      "requires": {
        "classnames": "2.2.6",
        "prop-types": "15.7.2"
      }
    },
    "babel-runtime": {
      "version": "6.26.0",
      "resolved": "https://registry.npmjs.org/babel-runtime/-/babel-runtime-6.26.0.tgz",
      "integrity": "sha1-llxwWGaOgrVde/4E/yM3vItWR/4=",
      "requires": {
        "core-js": "2.6.5",
        "regenerator-runtime": "0.11.1"
      }
    },
    "classnames": {
      "version": "2.2.6",
      "resolved": "https://registry.npmjs.org/classnames/-/classnames-2.2.6.tgz",
      "integrity": "sha512-JR/iSQOSt+LQIWwrwEzJ9uk0xfN3mTVYMwt1Ir5mUcSN6pU+V4zQFFaJsclJbPuAUQH+yfWef6tm7l1quW3C8Q=="
    },
    "core-js": {
      "version": "2.6.5",
      "resolved": "https://registry.npmjs.org/core-js/-/core-js-2.6.5.tgz",
      "integrity": "sha512-klh/kDpwX8hryYL14M9w/xei6vrv6sE8gTHDG7/T/+SEovB/G4ejwcfE/CBzO6Edsu+OETZMZ3wcX/EjUkrl5A=="
    },
    "dom-helpers": {
      "version": "3.4.0",
      "resolved": "https://registry.npmjs.org/dom-helpers/-/dom-helpers-3.4.0.tgz",
      "integrity": "sha512-LnuPJ+dwqKDIyotW1VzmOZ5TONUN7CwkCR5hrgawTUbkBGYdeoNLZo6nNfGkCrjtE1nXXaj7iMMpDa8/d9WoIA==",
      "requires": {
        "@babel/runtime": "7.3.4"
      }
    },
    "hoist-non-react-statics": {
      "version": "2.5.5",
      "resolved": "https://registry.npmjs.org/hoist-non-react-statics/-/hoist-non-react-statics-2.5.5.tgz",
      "integrity": "sha512-rqcy4pJo55FTTLWt+bU8ukscqHeE/e9KWvsOW2b/a3afxQZhwkQdT1rPPCJ0rYXdj4vNcasY8zHTH+jF/qStxw=="
    },
    "js-tokens": {
      "version": "4.0.0",
      "resolved": "https://registry.npmjs.org/js-tokens/-/js-tokens-4.0.0.tgz",
      "integrity": "sha512-RdJUflcE3cUzKiMqQgsCu06FPu9UdIJO0beYbPhHN4k6apgJtifcoCtT9bcxOpYBtpD2kCM6Sbzg4CausW/PKQ=="
    },
    "loose-envify": {
      "version": "1.4.0",
      "resolved": "https://registry.npmjs.org/loose-envify/-/loose-envify-1.4.0.tgz",
      "integrity": "sha512-lyuxPGr/Wfhrlem2CL/UcnUc1zcqKAImBDzukY7Y5F/yQiNdko6+fRLevlw1HgMySw7f611UIY408EtxRSoK3Q==",
      "requires": {
        "js-tokens": "4.0.0"
      }
    },
    "object-assign": {
      "version": "4.1.1",
      "resolved": "https://registry.npmjs.org/object-assign/-/object-assign-4.1.1.tgz",
      "integrity": "sha1-IQmtx5ZYh8/AXLvUQsrIv7s2CGM="
    },
    "prop-types": {
      "version": "15.7.2",
      "resolved": "https://registry.npmjs.org/prop-types/-/prop-types-15.7.2.tgz",
      "integrity": "sha512-8QQikdH7//R2vurIJSutZ1smHYTcLpRWEOlHnzcWHmBYrOGUysKwSsrC89BCiFj3CbrfJ/nXFdJepOVrY1GCHQ==",
      "requires": {
        "loose-envify": "1.4.0",
        "object-assign": "4.1.1",
        "react-is": "16.8.3"
      }
    },
    "react-is": {
      "version": "16.8.3",
      "resolved": "https://registry.npmjs.org/react-is/-/react-is-16.8.3.tgz",
      "integrity": "sha512-Y4rC1ZJmsxxkkPuMLwvKvlL1Zfpbcu+Bf4ZigkHup3v9EfdYhAlWAaVyA19olXq2o2mGn0w+dFKvk3pVVlYcIA=="
    },
    "react-lifecycles-compat": {
      "version": "3.0.4",
      "resolved": "https://registry.npmjs.org/react-lifecycles-compat/-/react-lifecycles-compat-3.0.4.tgz",
      "integrity": "sha512-fBASbA6LnOU9dOU2eW7aQ8xmYBSXUIWr+UmF9b1efZBazGNO+rcXT/icdKnYm2pTwcRylVUYwW7H1PHfLekVzA=="
    },
    "react-transition-group": {
      "version": "2.6.0",
      "resolved": "https://registry.npmjs.org/react-transition-group/-/react-transition-group-2.6.0.tgz",
      "integrity": "sha512-VzZ+6k/adL3pJHo4PU/MHEPjW59/TGQtRsXC+wnxsx2mxjQKNHnDdJL/GpYuPJIsyHGjYbBQfIJ2JNOAdPc8GQ==",
      "requires": {
        "dom-helpers": "3.4.0",
        "loose-envify": "1.4.0",
        "prop-types": "15.7.2",
        "react-lifecycles-compat": "3.0.4"
      }
    },
    "regenerator-runtime": {
      "version": "0.11.1",
      "resolved": "https://registry.npmjs.org/regenerator-runtime/-/regenerator-runtime-0.11.1.tgz",
      "integrity": "sha512-MguG95oij0fC3QV3URf4V2SDYGJhJnJGqvIIgdECeODCT98wSWDAJ94SSuVpYQUoTcGUIL6L4yNB7j1DFFHSBg=="
    },
    "shallow-element-equals": {
      "version": "1.0.1",
      "resolved": "https://registry.npmjs.org/shallow-element-equals/-/shallow-element-equals-1.0.1.tgz",
      "integrity": "sha1-UHObfZStdWehNBc9P0QiOH7VfOY=",
      "requires": {
        "style-equal": "1.0.0"
      }
    },
    "style-equal": {
      "version": "1.0.0",
      "resolved": "https://registry.npmjs.org/style-equal/-/style-equal-1.0.0.tgz",
      "integrity": "sha1-mKHFkiImv+E8GW5z8ZQOkbjmZZU="
    }
  }
}
